# This file is autogenerated, do not edit; changes may be undone by the next 'dep ensure'.


[[projects]]
  digest = "1:1c9db302f5e172d283a37560842163450a1ebfd478581afa4f7bf00882c93a39"
  name = "github.com/go-sql-driver/mysql"
  packages = ["."]
  pruneopts = "NUT"
  revision = "a0583e0143b1624142adab07e0e97fe106d99561"
  version = "v1.3.0"

[[projects]]
  branch = "master"
  digest = "1:77ca5d02a461625805e448661be98f2526323100204c3acdb62df9ceee1aabcf"
  name = "github.com/jimmysawczuk/try"
  packages = ["."]
  pruneopts = "NUT"
  revision = "fa5ffeaff43d08be41e69a2cae19f1a6d2b69a96"

[[projects]]
  branch = "master"
  digest = "1:f8670bc82b370c3dd4a64699bc7157cb66bb7c4f43be06edd5e7e4cc134bfa57"
  name = "github.com/jmoiron/sqlx"
  packages = [
    ".",
    "reflectx",
  ]
  pruneopts = "NUT"
  revision = "2aeb6a910c2b94f2d5eb53d9895d80e27264ec41"

[[projects]]
  digest = "1:5cf3f025cbee5951a4ee961de067c8a89fc95a5adabead774f82822efabab121"
  name = "github.com/pkg/errors"
  packages = ["."]
  pruneopts = "NUT"
  revision = "645ef00459ed84a119197bfb8d8205042c6df63d"
  version = "v0.8.0"

[solve-meta]
  analyzer-name = "dep"
  analyzer-version = 1
  input-imports = [
    "github.com/go-sql-driver/mysql",
    "github.com/jimmysawczuk/try",
    "github.com/jmoiron/sqlx",
    "github.com/pkg/errors",
  ]
  solver-name = "gps-cdcl"
  solver-version = 1
